
Microsoft Visual Studio Solution File, Format Version 12.00
# Visual Studio Version 16
VisualStudioVersion = 16.0.29926.136
MinimumVisualStudioVersion = 15.0.26124.0
Project("{9A19103F-16F7-4668-BE54-9A1E7A4F7556}") = "rocket_jump", "code\rocket_jump.csproj", "{9999C1E2-98A7-AC4C-C8B2-3F3A81039D00}"
EndProject
Project("{9A19103F-16F7-4668-BE54-9A1E7A4F7556}") = "RocketJumpAddon", "c:\users\sony\documents\s&box projects\rockjmpadd\\code\RocketJumpAddon.csproj", "{95113FB9-DB21-B6F3-AA94-2BCF10F975E7}"
EndProject
Project("{9A19103F-16F7-4668-BE54-9A1E7A4F7556}") = "Wirebox", "c:\users\sony\documents\s&box projects\builder\\code\Wirebox.csproj", "{DD732ED9-280D-E62C-8414-B7323846FD04}"
EndProject
Project("{9A19103F-16F7-4668-BE54-9A1E7A4F7556}") = "Base Library", "E:\SteamLibrary\steamapps\common\sbox\addons\base\code\Base Library.csproj", "{3CFCECAD-98E9-581B-90CF-75E5F2B140CA}"
EndProject
Project("{9A19103F-16F7-4668-BE54-9A1E7A4F7556}") = "Menu Addon", "E:\SteamLibrary\steamapps\common\sbox\addons\menu\code\Menu Addon.csproj", "{F7B302F1-3AFB-3BF7-9D5A-B3787E45E792}"
EndProject
Project("{9A19103F-16F7-4668-BE54-9A1E7A4F7556}") = "Base Editor Library", "E:\SteamLibrary\steamapps\common\sbox\addons\tools\\code\Base Editor Library.csproj", "{0DDD0665-950C-B4D6-56B9-A5A4C73C7423}"
EndProject
Project("{9A19103F-16F7-4668-BE54-9A1E7A4F7556}") = "Entity Prefab Editor", "E:\SteamLibrary\steamapps\common\sbox\editor\EntityPrefabEditor\Entity Prefab Editor.csproj", "{74E6592C-05FA-C388-F145-5E3568E733DE}"
EndProject
Project("{9A19103F-16F7-4668-BE54-9A1E7A4F7556}") = "Shader Graph", "E:\SteamLibrary\steamapps\common\sbox\editor\ShaderGraph\Shader Graph.csproj", "{3696C4FE-B5DF-4E46-283A-A0E0E0468C82}"
EndProject
Project("{2150E333-8FDC-42A3-9474-1A3956D46DE8}") = "Addons", "Addons", "{7E84B5F6-56F9-A3B2-F215-7A71616B85A2}"
EndProject
Project("{2150E333-8FDC-42A3-9474-1A3956D46DE8}") = "Libraries", "Libraries", "{91C47821-78DC-6EB2-D97E-14E2D5EF1C9F}"
EndProject
Project("{2150E333-8FDC-42A3-9474-1A3956D46DE8}") = "Tools", "Tools", "{A4043C4D-9AC0-3AB1-C0E6-AD534972B49C}"
EndProject

Global
	GlobalSection(SolutionConfigurationPlatforms) = preSolution
		Debug|Any CPU = Debug|Any CPU
		Release|Any CPU = Release|Any CPU
	EndGlobalSection
	GlobalSection(ProjectConfigurationPlatforms) = postSolution
			{9999C1E2-98A7-AC4C-C8B2-3F3A81039D00}.Debug|Any CPU.ActiveCfg = Debug|Any CPU
		{9999C1E2-98A7-AC4C-C8B2-3F3A81039D00}.Debug|Any CPU.Build.0 = Debug|Any CPU
		{9999C1E2-98A7-AC4C-C8B2-3F3A81039D00}.Release|Any CPU.ActiveCfg = Release|Any CPU
		{9999C1E2-98A7-AC4C-C8B2-3F3A81039D00}.Release|Any CPU.Build.0 = Release|Any CPU
		{95113FB9-DB21-B6F3-AA94-2BCF10F975E7}.Debug|Any CPU.ActiveCfg = Debug|Any CPU
		{95113FB9-DB21-B6F3-AA94-2BCF10F975E7}.Debug|Any CPU.Build.0 = Debug|Any CPU
		{95113FB9-DB21-B6F3-AA94-2BCF10F975E7}.Release|Any CPU.ActiveCfg = Release|Any CPU
		{95113FB9-DB21-B6F3-AA94-2BCF10F975E7}.Release|Any CPU.Build.0 = Release|Any CPU
		{DD732ED9-280D-E62C-8414-B7323846FD04}.Debug|Any CPU.ActiveCfg = Debug|Any CPU
		{DD732ED9-280D-E62C-8414-B7323846FD04}.Debug|Any CPU.Build.0 = Debug|Any CPU
		{DD732ED9-280D-E62C-8414-B7323846FD04}.Release|Any CPU.ActiveCfg = Release|Any CPU
		{DD732ED9-280D-E62C-8414-B7323846FD04}.Release|Any CPU.Build.0 = Release|Any CPU
		{3CFCECAD-98E9-581B-90CF-75E5F2B140CA}.Debug|Any CPU.ActiveCfg = Debug|Any CPU
		{3CFCECAD-98E9-581B-90CF-75E5F2B140CA}.Debug|Any CPU.Build.0 = Debug|Any CPU
		{3CFCECAD-98E9-581B-90CF-75E5F2B140CA}.Release|Any CPU.ActiveCfg = Release|Any CPU
		{3CFCECAD-98E9-581B-90CF-75E5F2B140CA}.Release|Any CPU.Build.0 = Release|Any CPU
		{F7B302F1-3AFB-3BF7-9D5A-B3787E45E792}.Debug|Any CPU.ActiveCfg = Debug|Any CPU
		{F7B302F1-3AFB-3BF7-9D5A-B3787E45E792}.Debug|Any CPU.Build.0 = Debug|Any CPU
		{F7B302F1-3AFB-3BF7-9D5A-B3787E45E792}.Release|Any CPU.ActiveCfg = Release|Any CPU
		{F7B302F1-3AFB-3BF7-9D5A-B3787E45E792}.Release|Any CPU.Build.0 = Release|Any CPU
		{0DDD0665-950C-B4D6-56B9-A5A4C73C7423}.Debug|Any CPU.ActiveCfg = Debug|Any CPU
		{0DDD0665-950C-B4D6-56B9-A5A4C73C7423}.Debug|Any CPU.Build.0 = Debug|Any CPU
		{0DDD0665-950C-B4D6-56B9-A5A4C73C7423}.Release|Any CPU.ActiveCfg = Release|Any CPU
		{0DDD0665-950C-B4D6-56B9-A5A4C73C7423}.Release|Any CPU.Build.0 = Release|Any CPU
		{74E6592C-05FA-C388-F145-5E3568E733DE}.Debug|Any CPU.ActiveCfg = Debug|Any CPU
		{74E6592C-05FA-C388-F145-5E3568E733DE}.Debug|Any CPU.Build.0 = Debug|Any CPU
		{74E6592C-05FA-C388-F145-5E3568E733DE}.Release|Any CPU.ActiveCfg = Release|Any CPU
		{74E6592C-05FA-C388-F145-5E3568E733DE}.Release|Any CPU.Build.0 = Release|Any CPU
		{3696C4FE-B5DF-4E46-283A-A0E0E0468C82}.Debug|Any CPU.ActiveCfg = Debug|Any CPU
		{3696C4FE-B5DF-4E46-283A-A0E0E0468C82}.Debug|Any CPU.Build.0 = Debug|Any CPU
		{3696C4FE-B5DF-4E46-283A-A0E0E0468C82}.Release|Any CPU.ActiveCfg = Release|Any CPU
		{3696C4FE-B5DF-4E46-283A-A0E0E0468C82}.Release|Any CPU.Build.0 = Release|Any CPU

	EndGlobalSection
	GlobalSection(SolutionProperties) = preSolution
		HideSolutionNode = FALSE
	EndGlobalSection
	GlobalSection(NestedProjects) = preSolution
			{95113FB9-DB21-B6F3-AA94-2BCF10F975E7} = {7E84B5F6-56F9-A3B2-F215-7A71616B85A2}
		{DD732ED9-280D-E62C-8414-B7323846FD04} = {7E84B5F6-56F9-A3B2-F215-7A71616B85A2}
		{3CFCECAD-98E9-581B-90CF-75E5F2B140CA} = {91C47821-78DC-6EB2-D97E-14E2D5EF1C9F}
		{F7B302F1-3AFB-3BF7-9D5A-B3787E45E792} = {91C47821-78DC-6EB2-D97E-14E2D5EF1C9F}
		{0DDD0665-950C-B4D6-56B9-A5A4C73C7423} = {A4043C4D-9AC0-3AB1-C0E6-AD534972B49C}
		{74E6592C-05FA-C388-F145-5E3568E733DE} = {A4043C4D-9AC0-3AB1-C0E6-AD534972B49C}
		{3696C4FE-B5DF-4E46-283A-A0E0E0468C82} = {A4043C4D-9AC0-3AB1-C0E6-AD534972B49C}

	EndGlobalSection
	GlobalSection(ExtensibilityGlobals) = postSolution
		SolutionGuid = {FD1E2EC4-D69D-418D-8FBF-4CA3864E5C8C}
	EndGlobalSection
EndGlobal

